// !$*UTF8*$!
{
	archiveVersion = 1;
	classes = {
	};
	objectVersion = 56;
	objects = {

/* Begin PBXBuildFile section */
		937A51E4292DC00F00BDB9E2 /* SwiftUITemplateApp.swift in Sources */ = {isa = PBXBuildFile; fileRef = 937A51E3292DC00F00BDB9E2 /* SwiftUITemplateApp.swift */; };
		937A51E6292DC00F00BDB9E2 /* ContentView.swift in Sources */ = {isa = PBXBuildFile; fileRef = 937A51E5292DC00F00BDB9E2 /* ContentView.swift */; };
		937A51E8292DC01000BDB9E2 /* Assets.xcassets in Resources */ = {isa = PBXBuildFile; fileRef = 937A51E7292DC01000BDB9E2 /* Assets.xcassets */; };
		937A51EC292DC01000BDB9E2 /* Preview Assets.xcassets in Resources */ = {isa = PBXBuildFile; fileRef = 937A51EB292DC01000BDB9E2 /* Preview Assets.xcassets */; };
		937A51F5292DC08100BDB9E2 /* TemplateUI.swift in Sources */ = {isa = PBXBuildFile; fileRef = 937A51F4292DC08100BDB9E2 /* TemplateUI.swift */; };
		937A51F9292DF5CA00BDB9E2 /* STRootTabContentView.swift in Sources */ = {isa = PBXBuildFile; fileRef = 937A51F8292DF5CA00BDB9E2 /* STRootTabContentView.swift */; };
		937A51FC292E0B5200BDB9E2 /* STHomeContentView.swift in Sources */ = {isa = PBXBuildFile; fileRef = 937A51FB292E0B5200BDB9E2 /* STHomeContentView.swift */; };
		937A51FE292E1BEA00BDB9E2 /* STText.swift in Sources */ = {isa = PBXBuildFile; fileRef = 937A51FD292E1BEA00BDB9E2 /* STText.swift */; };
		937A5200292F0B5800BDB9E2 /* STTextCode.swift in Sources */ = {isa = PBXBuildFile; fileRef = 937A51FF292F0B5800BDB9E2 /* STTextCode.swift */; };
		937A5220292F18E300BDB9E2 /* MarkdownWebView.swift in Sources */ = {isa = PBXBuildFile; fileRef = 937A521B292F18E300BDB9E2 /* MarkdownWebView.swift */; };
		937A5221292F18E300BDB9E2 /* web.bundle in Resources */ = {isa = PBXBuildFile; fileRef = 937A521D292F18E300BDB9E2 /* web.bundle */; };
		937A5222292F18E300BDB9E2 /* Markdown.swift in Sources */ = {isa = PBXBuildFile; fileRef = 937A521E292F18E300BDB9E2 /* Markdown.swift */; };
		937A5223292F18E300BDB9E2 /* MarkdownStyle.swift in Sources */ = {isa = PBXBuildFile; fileRef = 937A521F292F18E300BDB9E2 /* MarkdownStyle.swift */; };
		937A5226292F607B00BDB9E2 /* STNumberView.swift in Sources */ = {isa = PBXBuildFile; fileRef = 937A5225292F607A00BDB9E2 /* STNumberView.swift */; };
		937A5228292F700F00BDB9E2 /* STSegmentView.swift in Sources */ = {isa = PBXBuildFile; fileRef = 937A5227292F700F00BDB9E2 /* STSegmentView.swift */; };
		937A522A2930695C00BDB9E2 /* STCodeView.swift in Sources */ = {isa = PBXBuildFile; fileRef = 937A52292930695C00BDB9E2 /* STCodeView.swift */; };
/* End PBXBuildFile section */

/* Begin PBXFileReference section */
		937A51E0292DC00F00BDB9E2 /* SwiftUITemplate.app */ = {isa = PBXFileReference; explicitFileType = wrapper.application; includeInIndex = 0; path = SwiftUITemplate.app; sourceTree = BUILT_PRODUCTS_DIR; };
		937A51E3292DC00F00BDB9E2 /* SwiftUITemplateApp.swift */ = {isa = PBXFileReference; lastKnownFileType = sourcecode.swift; path = SwiftUITemplateApp.swift; sourceTree = "<group>"; };
		937A51E5292DC00F00BDB9E2 /* ContentView.swift */ = {isa = PBXFileReference; lastKnownFileType = sourcecode.swift; path = ContentView.swift; sourceTree = "<group>"; };
		937A51E7292DC01000BDB9E2 /* Assets.xcassets */ = {isa = PBXFileReference; lastKnownFileType = folder.assetcatalog; path = Assets.xcassets; sourceTree = "<group>"; };
		937A51E9292DC01000BDB9E2 /* SwiftUITemplate.entitlements */ = {isa = PBXFileReference; lastKnownFileType = text.plist.entitlements; path = SwiftUITemplate.entitlements; sourceTree = "<group>"; };
		937A51EB292DC01000BDB9E2 /* Preview Assets.xcassets */ = {isa = PBXFileReference; lastKnownFileType = folder.assetcatalog; path = "Preview Assets.xcassets"; sourceTree = "<group>"; };
		937A51F4292DC08100BDB9E2 /* TemplateUI.swift */ = {isa = PBXFileReference; lastKnownFileType = sourcecode.swift; path = TemplateUI.swift; sourceTree = "<group>"; };
		937A51F8292DF5CA00BDB9E2 /* STRootTabContentView.swift */ = {isa = PBXFileReference; lastKnownFileType = sourcecode.swift; path = STRootTabContentView.swift; sourceTree = "<group>"; };
		937A51FB292E0B5200BDB9E2 /* STHomeContentView.swift */ = {isa = PBXFileReference; lastKnownFileType = sourcecode.swift; path = STHomeContentView.swift; sourceTree = "<group>"; };
		937A51FD292E1BEA00BDB9E2 /* STText.swift */ = {isa = PBXFileReference; lastKnownFileType = sourcecode.swift; path = STText.swift; sourceTree = "<group>"; };
		937A51FF292F0B5800BDB9E2 /* STTextCode.swift */ = {isa = PBXFileReference; lastKnownFileType = sourcecode.swift; path = STTextCode.swift; sourceTree = "<group>"; };
		937A521B292F18E300BDB9E2 /* MarkdownWebView.swift */ = {isa = PBXFileReference; fileEncoding = 4; lastKnownFileType = sourcecode.swift; path = MarkdownWebView.swift; sourceTree = "<group>"; };
		937A521D292F18E300BDB9E2 /* web.bundle */ = {isa = PBXFileReference; lastKnownFileType = "wrapper.plug-in"; path = web.bundle; sourceTree = "<group>"; };
		937A521E292F18E300BDB9E2 /* Markdown.swift */ = {isa = PBXFileReference; fileEncoding = 4; lastKnownFileType = sourcecode.swift; path = Markdown.swift; sourceTree = "<group>"; };
		937A521F292F18E300BDB9E2 /* MarkdownStyle.swift */ = {isa = PBXFileReference; fileEncoding = 4; lastKnownFileType = sourcecode.swift; path = MarkdownStyle.swift; sourceTree = "<group>"; };
		937A5225292F607A00BDB9E2 /* STNumberView.swift */ = {isa = PBXFileReference; lastKnownFileType = sourcecode.swift; path = STNumberView.swift; sourceTree = "<group>"; };
		937A5227292F700F00BDB9E2 /* STSegmentView.swift */ = {isa = PBXFileReference; lastKnownFileType = sourcecode.swift; path = STSegmentView.swift; sourceTree = "<group>"; };
		937A52292930695C00BDB9E2 /* STCodeView.swift */ = {isa = PBXFileReference; lastKnownFileType = sourcecode.swift; path = STCodeView.swift; sourceTree = "<group>"; };
/* End PBXFileReference section */

/* Begin PBXFrameworksBuildPhase section */
		937A51DD292DC00F00BDB9E2 /* Frameworks */ = {
			isa = PBXFrameworksBuildPhase;
			buildActionMask = 2147483647;
			files = (
			);
			runOnlyForDeploymentPostprocessing = 0;
		};
/* End PBXFrameworksBuildPhase section */

/* Begin PBXGroup section */
		937A51D7292DC00F00BDB9E2 = {
			isa = PBXGroup;
			children = (
				937A51E2292DC00F00BDB9E2 /* SwiftUITemplate */,
				937A51E1292DC00F00BDB9E2 /* Products */,
			);
			sourceTree = "<group>";
		};
		937A51E1292DC00F00BDB9E2 /* Products */ = {
			isa = PBXGroup;
			children = (
				937A51E0292DC00F00BDB9E2 /* SwiftUITemplate.app */,
			);
			name = Products;
			sourceTree = "<group>";
		};
		937A51E2292DC00F00BDB9E2 /* SwiftUITemplate */ = {
			isa = PBXGroup;
			children = (
				937A521A292F18E300BDB9E2 /* Markdown */,
				937A51E3292DC00F00BDB9E2 /* SwiftUITemplateApp.swift */,
				937A51F8292DF5CA00BDB9E2 /* STRootTabContentView.swift */,
				937A51FB292E0B5200BDB9E2 /* STHomeContentView.swift */,
				937A52292930695C00BDB9E2 /* STCodeView.swift */,
				937A5224292F605600BDB9E2 /* Example */,
				937A51FA292E0B0C00BDB9E2 /* Controls */,
				937A51E5292DC00F00BDB9E2 /* ContentView.swift */,
				937A51F4292DC08100BDB9E2 /* TemplateUI.swift */,
				937A51E7292DC01000BDB9E2 /* Assets.xcassets */,
				937A51E9292DC01000BDB9E2 /* SwiftUITemplate.entitlements */,
				937A51EA292DC01000BDB9E2 /* Preview Content */,
			);
			path = SwiftUITemplate;
			sourceTree = "<group>";
		};
		937A51EA292DC01000BDB9E2 /* Preview Content */ = {
			isa = PBXGroup;
			children = (
				937A51EB292DC01000BDB9E2 /* Preview Assets.xcassets */,
			);
			path = "Preview Content";
			sourceTree = "<group>";
		};
		937A51FA292E0B0C00BDB9E2 /* Controls */ = {
			isa = PBXGroup;
			children = (
				937A51FD292E1BEA00BDB9E2 /* STText.swift */,
				937A51FF292F0B5800BDB9E2 /* STTextCode.swift */,
			);
			path = Controls;
			sourceTree = "<group>";
		};
		937A521A292F18E300BDB9E2 /* Markdown */ = {
			isa = PBXGroup;
			children = (
				937A521B292F18E300BDB9E2 /* MarkdownWebView.swift */,
				937A521C292F18E300BDB9E2 /* Resources */,
				937A521E292F18E300BDB9E2 /* Markdown.swift */,
				937A521F292F18E300BDB9E2 /* MarkdownStyle.swift */,
			);
			path = Markdown;
			sourceTree = "<group>";
		};
		937A521C292F18E300BDB9E2 /* Resources */ = {
			isa = PBXGroup;
			children = (
				937A521D292F18E300BDB9E2 /* web.bundle */,
			);
			path = Resources;
			sourceTree = "<group>";
		};
		937A5224292F605600BDB9E2 /* Example */ = {
			isa = PBXGroup;
			children = (
				937A5225292F607A00BDB9E2 /* STNumberView.swift */,
				937A5227292F700F00BDB9E2 /* STSegmentView.swift */,
			);
			path = Example;
			sourceTree = "<group>";
		};
/* End PBXGroup section */

/* Begin PBXNativeTarget section */
		937A51DF292DC00F00BDB9E2 /* SwiftUITemplate */ = {
			isa = PBXNativeTarget;
			buildConfigurationList = 937A51EF292DC01000BDB9E2 /* Build configuration list for PBXNativeTarget "SwiftUITemplate" */;
			buildPhases = (
				937A51DC292DC00F00BDB9E2 /* Sources */,
				937A51DD292DC00F00BDB9E2 /* Frameworks */,
				937A51DE292DC00F00BDB9E2 /* Resources */,
			);
			buildRules = (
			);
			dependencies = (
			);
			name = SwiftUITemplate;
			packageProductDependencies = (
			);
			productName = SwiftUITemplate;
			productReference = 937A51E0292DC00F00BDB9E2 /* SwiftUITemplate.app */;
			productType = "com.apple.product-type.application";
		};
/* End PBXNativeTarget section */

/* Begin PBXProject section */
		937A51D8292DC00F00BDB9E2 /* Project object */ = {
			isa = PBXProject;
			attributes = {
				BuildIndependentTargetsInParallel = 1;
				CLASSPREFIX = ST;
				LastSwiftUpdateCheck = 1400;
				LastUpgradeCheck = 1400;
				TargetAttributes = {
					937A51DF292DC00F00BDB9E2 = {
						CreatedOnToolsVersion = 14.0.1;
					};
				};
			};
			buildConfigurationList = 937A51DB292DC00F00BDB9E2 /* Build configuration list for PBXProject "SwiftUITemplate" */;
			compatibilityVersion = "Xcode 14.0";
			developmentRegion = en;
			hasScannedForEncodings = 0;
			knownRegions = (
				en,
				Base,
			);
			mainGroup = 937A51D7292DC00F00BDB9E2;
			packageReferences = (
			);
			productRefGroup = 937A51E1292DC00F00BDB9E2 /* Products */;
			projectDirPath = "";
			projectRoot = "";
			targets = (
				937A51DF292DC00F00BDB9E2 /* SwiftUITemplate */,
			);
		};
/* End PBXProject section */

/* Begin PBXResourcesBuildPhase section */
		937A51DE292DC00F00BDB9E2 /* Resources */ = {
			isa = PBXResourcesBuildPhase;
			buildActionMask = 2147483647;
			files = (
				937A51EC292DC01000BDB9E2 /* Preview Assets.xcassets in Resources */,
				937A51E8292DC01000BDB9E2 /* Assets.xcassets in Resources */,
				937A5221292F18E300BDB9E2 /* web.bundle in Resources */,
			);
			runOnlyForDeploymentPostprocessing = 0;
		};
/* End PBXResourcesBuildPhase section */

/* Begin PBXSourcesBuildPhase section */
		937A51DC292DC00F00BDB9E2 /* Sources */ = {
			isa = PBXSourcesBuildPhase;
			buildActionMask = 2147483647;
			files = (
				937A51F9292DF5CA00BDB9E2 /* STRootTabContentView.swift in Sources */,
				937A5222292F18E300BDB9E2 /* Markdown.swift in Sources */,
				937A522A2930695C00BDB9E2 /* STCodeView.swift in Sources */,
				937A5200292F0B5800BDB9E2 /* STTextCode.swift in Sources */,
				937A51E6292DC00F00BDB9E2 /* ContentView.swift in Sources */,
				937A5223292F18E300BDB9E2 /* MarkdownStyle.swift in Sources */,
				937A51F5292DC08100BDB9E2 /* TemplateUI.swift in Sources */,
				937A5220292F18E300BDB9E2 /* MarkdownWebView.swift in Sources */,
				937A51FE292E1BEA00BDB9E2 /* STText.swift in Sources */,
				937A51FC292E0B5200BDB9E2 /* STHomeContentView.swift in Sources */,
				937A5226292F607B00BDB9E2 /* STNumberView.swift in Sources */,
				937A5228292F700F00BDB9E2 /* STSegmentView.swift in Sources */,
				937A51E4292DC00F00BDB9E2 /* SwiftUITemplateApp.swift in Sources */,
			);
			runOnlyForDeploymentPostprocessing = 0;
		};
/* End PBXSourcesBuildPhase section */

/* Begin XCBuildConfiguration section */
		937A51ED292DC01000BDB9E2 /* Debug */ = {
			isa = XCBuildConfiguration;
			buildSettings = {
				ALWAYS_SEARCH_USER_PATHS = NO;
				CLANG_ANALYZER_NONNULL = YES;
				CLANG_ANALYZER_NUMBER_OBJECT_CONVERSION = YES_AGGRESSIVE;
				CLANG_CXX_LANGUAGE_STANDARD = "gnu++20";
				CLANG_ENABLE_MODULES = YES;
				CLANG_ENABLE_OBJC_ARC = YES;
				CLANG_ENABLE_OBJC_WEAK = YES;
				CLANG_WARN_BLOCK_CAPTURE_AUTORELEASING = YES;
				CLANG_WARN_BOOL_CONVERSION = YES;
				CLANG_WARN_COMMA = YES;
				CLANG_WARN_CONSTANT_CONVERSION = YES;
				CLANG_WARN_DEPRECATED_OBJC_IMPLEMENTATIONS = YES;
				CLANG_WARN_DIRECT_OBJC_ISA_USAGE = YES_ERROR;
				CLANG_WARN_DOCUMENTATION_COMMENTS = YES;
				CLANG_WARN_EMPTY_BODY = YES;
				CLANG_WARN_ENUM_CONVERSION = YES;
				CLANG_WARN_INFINITE_RECURSION = YES;
				CLANG_WARN_INT_CONVERSION = YES;
				CLANG_WARN_NON_LITERAL_NULL_CONVERSION = YES;
				CLANG_WARN_OBJC_IMPLICIT_RETAIN_SELF = YES;
				CLANG_WARN_OBJC_LITERAL_CONVERSION = YES;
				CLANG_WARN_OBJC_ROOT_CLASS = YES_ERROR;
				CLANG_WARN_QUOTED_INCLUDE_IN_FRAMEWORK_HEADER = YES;
				CLANG_WARN_RANGE_LOOP_ANALYSIS = YES;
				CLANG_WARN_STRICT_PROTOTYPES = YES;
				CLANG_WARN_SUSPICIOUS_MOVE = YES;
				CLANG_WARN_UNGUARDED_AVAILABILITY = YES_AGGRESSIVE;
				CLANG_WARN_UNREACHABLE_CODE = YES;
				CLANG_WARN__DUPLICATE_METHOD_MATCH = YES;
				COPY_PHASE_STRIP = NO;
				DEBUG_INFORMATION_FORMAT = dwarf;
				ENABLE_STRICT_OBJC_MSGSEND = YES;
				ENABLE_TESTABILITY = YES;
				GCC_C_LANGUAGE_STANDARD = gnu11;
				GCC_DYNAMIC_NO_PIC = NO;
				GCC_NO_COMMON_BLOCKS = YES;
				GCC_OPTIMIZATION_LEVEL = 0;
				GCC_PREPROCESSOR_DEFINITIONS = (
					"DEBUG=1",
					"$(inherited)",
				);
				GCC_WARN_64_TO_32_BIT_CONVERSION = YES;
				GCC_WARN_ABOUT_RETURN_TYPE = YES_ERROR;
				GCC_WARN_UNDECLARED_SELECTOR = YES;
				GCC_WARN_UNINITIALIZED_AUTOS = YES_AGGRESSIVE;
				GCC_WARN_UNUSED_FUNCTION = YES;
				GCC_WARN_UNUSED_VARIABLE = YES;
				MTL_ENABLE_DEBUG_INFO = INCLUDE_SOURCE;
				MTL_FAST_MATH = YES;
				ONLY_ACTIVE_ARCH = YES;
				SWIFT_ACTIVE_COMPILATION_CONDITIONS = DEBUG;
				SWIFT_OPTIMIZATION_LEVEL = "-Onone";
			};
			name = Debug;
		};
		937A51EE292DC01000BDB9E2 /* Release */ = {
			isa = XCBuildConfiguration;
			buildSettings = {
				ALWAYS_SEARCH_USER_PATHS = NO;
				CLANG_ANALYZER_NONNULL = YES;
				CLANG_ANALYZER_NUMBER_OBJECT_CONVERSION = YES_AGGRESSIVE;
				CLANG_CXX_LANGUAGE_STANDARD = "gnu++20";
				CLANG_ENABLE_MODULES = YES;
				CLANG_ENABLE_OBJC_ARC = YES;
				CLANG_ENABLE_OBJC_WEAK = YES;
				CLANG_WARN_BLOCK_CAPTURE_AUTORELEASING = YES;
				CLANG_WARN_BOOL_CONVERSION = YES;
				CLANG_WARN_COMMA = YES;
				CLANG_WARN_CONSTANT_CONVERSION = YES;
				CLANG_WARN_DEPRECATED_OBJC_IMPLEMENTATIONS = YES;
				CLANG_WARN_DIRECT_OBJC_ISA_USAGE = YES_ERROR;
				CLANG_WARN_DOCUMENTATION_COMMENTS = YES;
				CLANG_WARN_EMPTY_BODY = YES;
				CLANG_WARN_ENUM_CONVERSION = YES;
				CLANG_WARN_INFINITE_RECURSION = YES;
				CLANG_WARN_INT_CONVERSION = YES;
				CLANG_WARN_NON_LITERAL_NULL_CONVERSION = YES;
				CLANG_WARN_OBJC_IMPLICIT_RETAIN_SELF = YES;
				CLANG_WARN_OBJC_LITERAL_CONVERSION = YES;
				CLANG_WARN_OBJC_ROOT_CLASS = YES_ERROR;
				CLANG_WARN_QUOTED_INCLUDE_IN_FRAMEWORK_HEADER = YES;
				CLANG_WARN_RANGE_LOOP_ANALYSIS = YES;
				CLANG_WARN_STRICT_PROTOTYPES = YES;
				CLANG_WARN_SUSPICIOUS_MOVE = YES;
				CLANG_WARN_UNGUARDED_AVAILABILITY = YES_AGGRESSIVE;
				CLANG_WARN_UNREACHABLE_CODE = YES;
				CLANG_WARN__DUPLICATE_METHOD_MATCH = YES;
				COPY_PHASE_STRIP = NO;
				DEBUG_INFORMATION_FORMAT = "dwarf-with-dsym";
				ENABLE_NS_ASSERTIONS = NO;
				ENABLE_STRICT_OBJC_MSGSEND = YES;
				GCC_C_LANGUAGE_STANDARD = gnu11;
				GCC_NO_COMMON_BLOCKS = YES;
				GCC_WARN_64_TO_32_BIT_CONVERSION = YES;
				GCC_WARN_ABOUT_RETURN_TYPE = YES_ERROR;
				GCC_WARN_UNDECLARED_SELECTOR = YES;
				GCC_WARN_UNINITIALIZED_AUTOS = YES_AGGRESSIVE;
				GCC_WARN_UNUSED_FUNCTION = YES;
				GCC_WARN_UNUSED_VARIABLE = YES;
				MTL_ENABLE_DEBUG_INFO = NO;
				MTL_FAST_MATH = YES;
				SWIFT_COMPILATION_MODE = wholemodule;
				SWIFT_OPTIMIZATION_LEVEL = "-O";
			};
			name = Release;
		};
		937A51F0292DC01000BDB9E2 /* Debug */ = {
			isa = XCBuildConfiguration;
			buildSettings = {
				ASSETCATALOG_COMPILER_APPICON_NAME = AppIcon;
				ASSETCATALOG_COMPILER_GLOBAL_ACCENT_COLOR_NAME = AccentColor;
				CODE_SIGN_ENTITLEMENTS = SwiftUITemplate/SwiftUITemplate.entitlements;
				CODE_SIGN_STYLE = Automatic;
				CURRENT_PROJECT_VERSION = 1;
				DEVELOPMENT_ASSET_PATHS = "\"SwiftUITemplate/Preview Content\"";
				DEVELOPMENT_TEAM = UZT23M6T33;
				ENABLE_HARDENED_RUNTIME = YES;
				ENABLE_PREVIEWS = YES;
				GENERATE_INFOPLIST_FILE = YES;
				INFOPLIST_KEY_CFBundleDisplayName = "Swift Code";
				"INFOPLIST_KEY_UIApplicationSceneManifest_Generation[sdk=iphoneos*]" = YES;
				"INFOPLIST_KEY_UIApplicationSceneManifest_Generation[sdk=iphonesimulator*]" = YES;
				"INFOPLIST_KEY_UIApplicationSupportsIndirectInputEvents[sdk=iphoneos*]" = YES;
				"INFOPLIST_KEY_UIApplicationSupportsIndirectInputEvents[sdk=iphonesimulator*]" = YES;
				"INFOPLIST_KEY_UILaunchScreen_Generation[sdk=iphoneos*]" = YES;
				"INFOPLIST_KEY_UILaunchScreen_Generation[sdk=iphonesimulator*]" = YES;
				"INFOPLIST_KEY_UIStatusBarStyle[sdk=iphoneos*]" = UIStatusBarStyleDefault;
				"INFOPLIST_KEY_UIStatusBarStyle[sdk=iphonesimulator*]" = UIStatusBarStyleDefault;
				INFOPLIST_KEY_UISupportedInterfaceOrientations = "UIInterfaceOrientationLandscapeLeft UIInterfaceOrientationLandscapeRight UIInterfaceOrientationPortrait";
				INFOPLIST_KEY_UISupportedInterfaceOrientations_iPad = "UIInterfaceOrientationLandscapeLeft UIInterfaceOrientationLandscapeRight UIInterfaceOrientationPortrait UIInterfaceOrientationPortraitUpsideDown";
				IPHONEOS_DEPLOYMENT_TARGET = 16.0;
				LD_RUNPATH_SEARCH_PATHS = "@executable_path/Frameworks";
				"LD_RUNPATH_SEARCH_PATHS[sdk=macosx*]" = "@executable_path/../Frameworks";
				MACOSX_DEPLOYMENT_TARGET = 12.3;
				MARKETING_VERSION = 1.0;
				PRODUCT_BUNDLE_IDENTIFIER = cn.yan.app.SwiftUITemplate;
				PRODUCT_NAME = "$(TARGET_NAME)";
				SDKROOT = auto;
				SUPPORTED_PLATFORMS = "iphoneos iphonesimulator macosx";
				SWIFT_EMIT_LOC_STRINGS = YES;
				SWIFT_VERSION = 5.0;
				TARGETED_DEVICE_FAMILY = "1,2";
			};
			name = Debug;
		};
		937A51F1292DC01000BDB9E2 /* Release */ = {
			isa = XCBuildConfiguration;
			buildSettings = {
				ASSETCATALOG_COMPILER_APPICON_NAME = AppIcon;
				ASSETCATALOG_COMPILER_GLOBAL_ACCENT_COLOR_NAME = AccentColor;
				CODE_SIGN_ENTITLEMENTS = SwiftUITemplate/SwiftUITemplate.entitlements;
				CODE_SIGN_STYLE = Automatic;
				CURRENT_PROJECT_VERSION = 1;
				DEVELOPMENT_ASSET_PATHS = "\"SwiftUITemplate/Preview Content\"";
				DEVELOPMENT_TEAM = UZT23M6T33;
				ENABLE_HARDENED_RUNTIME = YES;
				ENABLE_PREVIEWS = YES;
				GENERATE_INFOPLIST_FILE = YES;
				INFOPLIST_KEY_CFBundleDisplayName = "Swift Code";
				"INFOPLIST_KEY_UIApplicationSceneManifest_Generation[sdk=iphoneos*]" = YES;
				"INFOPLIST_KEY_UIApplicationSceneManifest_Generation[sdk=iphonesimulator*]" = YES;
				"INFOPLIST_KEY_UIApplicationSupportsIndirectInputEvents[sdk=iphoneos*]" = YES;
				"INFOPLIST_KEY_UIApplicationSupportsIndirectInputEvents[sdk=iphonesimulator*]" = YES;
				"INFOPLIST_KEY_UILaunchScreen_Generation[sdk=iphoneos*]" = YES;
				"INFOPLIST_KEY_UILaunchScreen_Generation[sdk=iphonesimulator*]" = YES;
				"INFOPLIST_KEY_UIStatusBarStyle[sdk=iphoneos*]" = UIStatusBarStyleDefault;
				"INFOPLIST_KEY_UIStatusBarStyle[sdk=iphonesimulator*]" = UIStatusBarStyleDefault;
				INFOPLIST_KEY_UISupportedInterfaceOrientations = "UIInterfaceOrientationLandscapeLeft UIInterfaceOrientationLandscapeRight UIInterfaceOrientationPortrait";
				INFOPLIST_KEY_UISupportedInterfaceOrientations_iPad = "UIInterfaceOrientationLandscapeLeft UIInterfaceOrientationLandscapeRight UIInterfaceOrientationPortrait UIInterfaceOrientationPortraitUpsideDown";
				IPHONEOS_DEPLOYMENT_TARGET = 16.0;
				LD_RUNPATH_SEARCH_PATHS = "@executable_path/Frameworks";
				"LD_RUNPATH_SEARCH_PATHS[sdk=macosx*]" = "@executable_path/../Frameworks";
				MACOSX_DEPLOYMENT_TARGET = 12.3;
				MARKETING_VERSION = 1.0;
				PRODUCT_BUNDLE_IDENTIFIER = cn.yan.app.SwiftUITemplate;
				PRODUCT_NAME = "$(TARGET_NAME)";
				SDKROOT = auto;
				SUPPORTED_PLATFORMS = "iphoneos iphonesimulator macosx";
				SWIFT_EMIT_LOC_STRINGS = YES;
				SWIFT_VERSION = 5.0;
				TARGETED_DEVICE_FAMILY = "1,2";
			};
			name = Release;
		};
/* End XCBuildConfiguration section */

/* Begin XCConfigurationList section */
		937A51DB292DC00F00BDB9E2 /* Build configuration list for PBXProject "SwiftUITemplate" */ = {
			isa = XCConfigurationList;
			buildConfigurations = (
				937A51ED292DC01000BDB9E2 /* Debug */,
				937A51EE292DC01000BDB9E2 /* Release */,
			);
			defaultConfigurationIsVisible = 0;
			defaultConfigurationName = Release;
		};
		937A51EF292DC01000BDB9E2 /* Build configuration list for PBXNativeTarget "SwiftUITemplate" */ = {
			isa = XCConfigurationList;
			buildConfigurations = (
				937A51F0292DC01000BDB9E2 /* Debug */,
				937A51F1292DC01000BDB9E2 /* Release */,
			);
			defaultConfigurationIsVisible = 0;
			defaultConfigurationName = Release;
		};
/* End XCConfigurationList section */
	};
	rootObject = 937A51D8292DC00F00BDB9E2 /* Project object */;
}
